// !$*UTF8*$!
{
	archiveVersion = 1;
	classes = {
	};
	objectVersion = 70;
	objects = {

/* Begin PBXBuildFile section */
		1F6917E52B399682001677AC /* hexlaunch.gif in Resources */ = {isa = PBXBuildFile; fileRef = 1F6917E42B399682001677AC /* hexlaunch.gif */; };
		1F842A872B2824CC003C8A6E /* The_Hex_CamApp.swift in Sources */ = {isa = PBXBuildFile; fileRef = 1F842A862B2824CC003C8A6E /* The_Hex_CamApp.swift */; };
		1F842A8E2B2824CC003C8A6E /* Preview Assets.xcassets in Resources */ = {isa = PBXBuildFile; fileRef = 1F842A8D2B2824CC003C8A6E /* Preview Assets.xcassets */; };
		1F842A992B282BA2003C8A6E /* UIImage+GIF.swift in Sources */ = {isa = PBXBuildFile; fileRef = 1F842A982B282BA2003C8A6E /* UIImage+GIF.swift */; };
		1F842A9F2B282BFE003C8A6E /* UIImageView+GIF.swift in Sources */ = {isa = PBXBuildFile; fileRef = 1F842A9E2B282BFE003C8A6E /* UIImageView+GIF.swift */; };
		1F842AA12B282C17003C8A6E /* CameraViewModel.swift in Sources */ = {isa = PBXBuildFile; fileRef = 1F842AA02B282C17003C8A6E /* CameraViewModel.swift */; };
		1F842AA92B282CBE003C8A6E /* ColorExtensions.swift in Sources */ = {isa = PBXBuildFile; fileRef = 1F842AA82B282CBE003C8A6E /* ColorExtensions.swift */; };
		1F842AAB2B282CE8003C8A6E /* NetworkManager.swift in Sources */ = {isa = PBXBuildFile; fileRef = 1F842AAA2B282CE8003C8A6E /* NetworkManager.swift */; };
		1F842AAD2B282D00003C8A6E /* ColorInfo.swift in Sources */ = {isa = PBXBuildFile; fileRef = 1F842AAC2B282D00003C8A6E /* ColorInfo.swift */; };
		1F842AB52B282DB8003C8A6E /* Persistence.swift in Sources */ = {isa = PBXBuildFile; fileRef = 1F842AB42B282DB8003C8A6E /* Persistence.swift */; };
		1F842AB72B282F86003C8A6E /* shutterwhite.png in Resources */ = {isa = PBXBuildFile; fileRef = 1F842AB62B282F86003C8A6E /* shutterwhite.png */; };
		1F842AB92B282F8F003C8A6E /* shutterwhitenew.png in Resources */ = {isa = PBXBuildFile; fileRef = 1F842AB82B282F8F003C8A6E /* shutterwhitenew.png */; };
		1F842ABB2B282F97003C8A6E /* shuttergray.png in Resources */ = {isa = PBXBuildFile; fileRef = 1F842ABA2B282F97003C8A6E /* shuttergray.png */; };
		1F842ABD2B282FED003C8A6E /* launch.gif in Resources */ = {isa = PBXBuildFile; fileRef = 1F842ABC2B282FED003C8A6E /* launch.gif */; };
		1F842ABF2B28313C003C8A6E /* rainShut-21.gif in Resources */ = {isa = PBXBuildFile; fileRef = 1F842ABE2B28313C003C8A6E /* rainShut-21.gif */; };
		1F842AC52B2831CB003C8A6E /* launch_final.gif in Resources */ = {isa = PBXBuildFile; fileRef = 1F842AC42B2831CB003C8A6E /* launch_final.gif */; };
		1F842AC82B2832E0003C8A6E /* DeviceKit in Frameworks */ = {isa = PBXBuildFile; productRef = 1F842AC72B2832E0003C8A6E /* DeviceKit */; };
		1F842ACD2B2833BB003C8A6E /* HEXACAMAPP.png in Resources */ = {isa = PBXBuildFile; fileRef = 1F842AC92B2833AF003C8A6E /* HEXACAMAPP.png */; };
		1F842AD02B2833BB003C8A6E /* Assets.xcassets in Resources */ = {isa = PBXBuildFile; fileRef = 1F842ACC2B2833BB003C8A6E /* Assets.xcassets */; };
		1F842AD32B28363D003C8A6E /* The_Hex_Cam.xcdatamodeld in Sources */ = {isa = PBXBuildFile; fileRef = 1F842AD12B28363D003C8A6E /* The_Hex_Cam.xcdatamodeld */; };
		1F852FB32B3816FC009BE14E /* HEXALAUNCH.gif in Resources */ = {isa = PBXBuildFile; fileRef = 1F852FB22B3816FC009BE14E /* HEXALAUNCH.gif */; };
		1FAC22C42B34FD5400487EF3 /* HEXLOADGIF.gif in Resources */ = {isa = PBXBuildFile; fileRef = 1FAC22C32B34FD5400487EF3 /* HEXLOADGIF.gif */; };
		1FEFE2782B35B1CB00CB837F /* HexagonMetal.obj in Resources */ = {isa = PBXBuildFile; fileRef = 1FEFE2772B35B1CB00CB837F /* HexagonMetal.obj */; };
		1FEFE27A2B35B2AE00CB837F /* HexagonMetal.scn in Resources */ = {isa = PBXBuildFile; fileRef = 1FEFE2792B35B2AE00CB837F /* HexagonMetal.scn */; };
		3E3F5EE32C7D6FD400D36289 /* Haptics.swift in Sources */ = {isa = PBXBuildFile; fileRef = 3E3F5EE22C7D6FD000D36289 /* Haptics.swift */; };
		3E3F5EE62C7D735900D36289 /* Contants.swift in Sources */ = {isa = PBXBuildFile; fileRef = 3E3F5EE52C7D735700D36289 /* Contants.swift */; };
/* End PBXBuildFile section */

/* Begin PBXFileReference section */
		1F6917E42B399682001677AC /* hexlaunch.gif */ = {isa = PBXFileReference; lastKnownFileType = image.gif; path = hexlaunch.gif; sourceTree = "<group>"; };
		1F842A832B2824CC003C8A6E /* The_Hex_Cam.app */ = {isa = PBXFileReference; explicitFileType = wrapper.application; includeInIndex = 0; path = The_Hex_Cam.app; sourceTree = BUILT_PRODUCTS_DIR; };
		1F842A862B2824CC003C8A6E /* The_Hex_CamApp.swift */ = {isa = PBXFileReference; lastKnownFileType = sourcecode.swift; path = The_Hex_CamApp.swift; sourceTree = "<group>"; };
		1F842A8D2B2824CC003C8A6E /* Preview Assets.xcassets */ = {isa = PBXFileReference; lastKnownFileType = folder.assetcatalog; path = "Preview Assets.xcassets"; sourceTree = "<group>"; };
		1F842A982B282BA2003C8A6E /* UIImage+GIF.swift */ = {isa = PBXFileReference; lastKnownFileType = sourcecode.swift; path = "UIImage+GIF.swift"; sourceTree = "<group>"; };
		1F842A9E2B282BFE003C8A6E /* UIImageView+GIF.swift */ = {isa = PBXFileReference; lastKnownFileType = sourcecode.swift; path = "UIImageView+GIF.swift"; sourceTree = "<group>"; };
		1F842AA02B282C17003C8A6E /* CameraViewModel.swift */ = {isa = PBXFileReference; lastKnownFileType = sourcecode.swift; path = CameraViewModel.swift; sourceTree = "<group>"; };
		1F842AA82B282CBE003C8A6E /* ColorExtensions.swift */ = {isa = PBXFileReference; lastKnownFileType = sourcecode.swift; path = ColorExtensions.swift; sourceTree = "<group>"; };
		1F842AAA2B282CE8003C8A6E /* NetworkManager.swift */ = {isa = PBXFileReference; lastKnownFileType = sourcecode.swift; path = NetworkManager.swift; sourceTree = "<group>"; };
		1F842AAC2B282D00003C8A6E /* ColorInfo.swift */ = {isa = PBXFileReference; lastKnownFileType = sourcecode.swift; path = ColorInfo.swift; sourceTree = "<group>"; };
		1F842AB42B282DB8003C8A6E /* Persistence.swift */ = {isa = PBXFileReference; lastKnownFileType = sourcecode.swift; path = Persistence.swift; sourceTree = "<group>"; };
		1F842AB62B282F86003C8A6E /* shutterwhite.png */ = {isa = PBXFileReference; lastKnownFileType = image.png; path = shutterwhite.png; sourceTree = "<group>"; };
		1F842AB82B282F8F003C8A6E /* shutterwhitenew.png */ = {isa = PBXFileReference; lastKnownFileType = image.png; path = shutterwhitenew.png; sourceTree = "<group>"; };
		1F842ABA2B282F97003C8A6E /* shuttergray.png */ = {isa = PBXFileReference; lastKnownFileType = image.png; path = shuttergray.png; sourceTree = "<group>"; };
		1F842ABC2B282FED003C8A6E /* launch.gif */ = {isa = PBXFileReference; lastKnownFileType = image.gif; path = launch.gif; sourceTree = "<group>"; };
		1F842ABE2B28313C003C8A6E /* rainShut-21.gif */ = {isa = PBXFileReference; lastKnownFileType = image.gif; path = "rainShut-21.gif"; sourceTree = "<group>"; };
		1F842AC42B2831CB003C8A6E /* launch_final.gif */ = {isa = PBXFileReference; lastKnownFileType = image.gif; path = launch_final.gif; sourceTree = "<group>"; };
		1F842AC92B2833AF003C8A6E /* HEXACAMAPP.png */ = {isa = PBXFileReference; lastKnownFileType = image.png; path = HEXACAMAPP.png; sourceTree = "<group>"; };
		1F842ACC2B2833BB003C8A6E /* Assets.xcassets */ = {isa = PBXFileReference; lastKnownFileType = folder.assetcatalog; path = Assets.xcassets; sourceTree = "<group>"; };
		1F842AD22B28363D003C8A6E /* The_Hex_Cam.xcdatamodel */ = {isa = PBXFileReference; lastKnownFileType = wrapper.xcdatamodel; path = The_Hex_Cam.xcdatamodel; sourceTree = "<group>"; };
		1F852FB22B3816FC009BE14E /* HEXALAUNCH.gif */ = {isa = PBXFileReference; lastKnownFileType = image.gif; path = HEXALAUNCH.gif; sourceTree = "<group>"; };
		1FAC22C32B34FD5400487EF3 /* HEXLOADGIF.gif */ = {isa = PBXFileReference; lastKnownFileType = image.gif; path = HEXLOADGIF.gif; sourceTree = "<group>"; };
		1FEFE2772B35B1CB00CB837F /* HexagonMetal.obj */ = {isa = PBXFileReference; fileEncoding = 4; lastKnownFileType = text; path = HexagonMetal.obj; sourceTree = "<group>"; };
		1FEFE2792B35B2AE00CB837F /* HexagonMetal.scn */ = {isa = PBXFileReference; lastKnownFileType = file.bplist; path = HexagonMetal.scn; sourceTree = "<group>"; };
		3E3F5EE22C7D6FD000D36289 /* Haptics.swift */ = {isa = PBXFileReference; lastKnownFileType = sourcecode.swift; path = Haptics.swift; sourceTree = "<group>"; };
		3E3F5EE52C7D735700D36289 /* Contants.swift */ = {isa = PBXFileReference; lastKnownFileType = sourcecode.swift; path = Contants.swift; sourceTree = "<group>"; };
/* End PBXFileReference section */

/* Begin PBXFileSystemSynchronizedRootGroup section */
		3E3F5EDD2C7D5CA400D36289 /* Views */ = {isa = PBXFileSystemSynchronizedRootGroup; explicitFileTypes = {}; explicitFolders = (); path = Views; sourceTree = "<group>"; };
/* End PBXFileSystemSynchronizedRootGroup section */

/* Begin PBXFrameworksBuildPhase section */
		1F842A802B2824CC003C8A6E /* Frameworks */ = {
			isa = PBXFrameworksBuildPhase;
			buildActionMask = 2147483647;
			files = (
				1F842AC82B2832E0003C8A6E /* DeviceKit in Frameworks */,
			);
			runOnlyForDeploymentPostprocessing = 0;
		};
/* End PBXFrameworksBuildPhase section */

/* Begin PBXGroup section */
		1F842A7A2B2824CC003C8A6E = {
			isa = PBXGroup;
			children = (
				1F842A852B2824CC003C8A6E /* The_Hex_Cam */,
				1F842A842B2824CC003C8A6E /* Products */,
			);
			sourceTree = "<group>";
		};
		1F842A842B2824CC003C8A6E /* Products */ = {
			isa = PBXGroup;
			children = (
				1F842A832B2824CC003C8A6E /* The_Hex_Cam.app */,
			);
			name = Products;
			sourceTree = "<group>";
		};
		1F842A852B2824CC003C8A6E /* The_Hex_Cam */ = {
			isa = PBXGroup;
			children = (
				3E3F5EE12C7D5D9400D36289 /* Resources */,
				3E3F5EE02C7D5CF200D36289 /* Helpers */,
				3E3F5EDF2C7D5CD300D36289 /* ViewModels */,
				3E3F5EDD2C7D5CA400D36289 /* Views */,
				3E3F5EE42C7D734C00D36289 /* App */,
				1F842ACC2B2833BB003C8A6E /* Assets.xcassets */,
				1F842A8C2B2824CC003C8A6E /* Preview Content */,
			);
			path = The_Hex_Cam;
			sourceTree = "<group>";
		};
		1F842A8C2B2824CC003C8A6E /* Preview Content */ = {
			isa = PBXGroup;
			children = (
				1F842A8D2B2824CC003C8A6E /* Preview Assets.xcassets */,
			);
			path = "Preview Content";
			sourceTree = "<group>";
		};
		3E3F5EDF2C7D5CD300D36289 /* ViewModels */ = {
			isa = PBXGroup;
			children = (
				1F842AA02B282C17003C8A6E /* CameraViewModel.swift */,
				1F842AD12B28363D003C8A6E /* The_Hex_Cam.xcdatamodeld */,
			);
			path = ViewModels;
			sourceTree = "<group>";
		};
		3E3F5EE02C7D5CF200D36289 /* Helpers */ = {
			isa = PBXGroup;
			children = (
				3E3F5EE22C7D6FD000D36289 /* Haptics.swift */,
				1F842AA82B282CBE003C8A6E /* ColorExtensions.swift */,
				1F842AAC2B282D00003C8A6E /* ColorInfo.swift */,
				1F842AAA2B282CE8003C8A6E /* NetworkManager.swift */,
				1F842AB42B282DB8003C8A6E /* Persistence.swift */,
				1F842A9E2B282BFE003C8A6E /* UIImageView+GIF.swift */,
				1F842A982B282BA2003C8A6E /* UIImage+GIF.swift */,
			);
			path = Helpers;
			sourceTree = "<group>";
		};
		3E3F5EE12C7D5D9400D36289 /* Resources */ = {
			isa = PBXGroup;
			children = (
				1F842AC42B2831CB003C8A6E /* launch_final.gif */,
				1F842AB62B282F86003C8A6E /* shutterwhite.png */,
				1FEFE2772B35B1CB00CB837F /* HexagonMetal.obj */,
				1FEFE2792B35B2AE00CB837F /* HexagonMetal.scn */,
				1F842AB82B282F8F003C8A6E /* shutterwhitenew.png */,
				1F842ABA2B282F97003C8A6E /* shuttergray.png */,
				1F852FB22B3816FC009BE14E /* HEXALAUNCH.gif */,
				1F6917E42B399682001677AC /* hexlaunch.gif */,
				1F842ABE2B28313C003C8A6E /* rainShut-21.gif */,
				1FAC22C32B34FD5400487EF3 /* HEXLOADGIF.gif */,
				1F842AC92B2833AF003C8A6E /* HEXACAMAPP.png */,
				1F842ABC2B282FED003C8A6E /* launch.gif */,
			);
			path = Resources;
			sourceTree = "<group>";
		};
		3E3F5EE42C7D734C00D36289 /* App */ = {
			isa = PBXGroup;
			children = (
				3E3F5EE52C7D735700D36289 /* Contants.swift */,
				1F842A862B2824CC003C8A6E /* The_Hex_CamApp.swift */,
			);
			path = App;
			sourceTree = "<group>";
		};
/* End PBXGroup section */

/* Begin PBXNativeTarget section */
		1F842A822B2824CC003C8A6E /* The_Hex_Cam */ = {
			isa = PBXNativeTarget;
			buildConfigurationList = 1F842A912B2824CC003C8A6E /* Build configuration list for PBXNativeTarget "The_Hex_Cam" */;
			buildPhases = (
				1F842A7F2B2824CC003C8A6E /* Sources */,
				1F842A802B2824CC003C8A6E /* Frameworks */,
				1F842A812B2824CC003C8A6E /* Resources */,
			);
			buildRules = (
			);
			dependencies = (
			);
			fileSystemSynchronizedGroups = (
				3E3F5EDD2C7D5CA400D36289 /* Views */,
			);
			name = The_Hex_Cam;
			packageProductDependencies = (
				1F842AC72B2832E0003C8A6E /* DeviceKit */,
			);
			productName = The_Hex_Cam;
			productReference = 1F842A832B2824CC003C8A6E /* The_Hex_Cam.app */;
			productType = "com.apple.product-type.application";
		};
/* End PBXNativeTarget section */

/* Begin PBXProject section */
		1F842A7B2B2824CC003C8A6E /* Project object */ = {
			isa = PBXProject;
			attributes = {
				BuildIndependentTargetsInParallel = 1;
				LastSwiftUpdateCheck = 1510;
				LastUpgradeCheck = 1510;
				TargetAttributes = {
					1F842A822B2824CC003C8A6E = {
						CreatedOnToolsVersion = 15.1;
					};
				};
			};
			buildConfigurationList = 1F842A7E2B2824CC003C8A6E /* Build configuration list for PBXProject "The_Hex_Cam" */;
			compatibilityVersion = "Xcode 15.0";
			developmentRegion = en;
			hasScannedForEncodings = 0;
			knownRegions = (
				en,
				Base,
			);
			mainGroup = 1F842A7A2B2824CC003C8A6E;
			packageReferences = (
				1F842AC62B2832E0003C8A6E /* XCRemoteSwiftPackageReference "DeviceKit" */,
			);
			productRefGroup = 1F842A842B2824CC003C8A6E /* Products */;
			projectDirPath = "";
			projectRoot = "";
			targets = (
				1F842A822B2824CC003C8A6E /* The_Hex_Cam */,
			);
		};
/* End PBXProject section */

/* Begin PBXResourcesBuildPhase section */
		1F842A812B2824CC003C8A6E /* Resources */ = {
			isa = PBXResourcesBuildPhase;
			buildActionMask = 2147483647;
			files = (
				1F842ABF2B28313C003C8A6E /* rainShut-21.gif in Resources */,
				1F842ABB2B282F97003C8A6E /* shuttergray.png in Resources */,
				1F842AB92B282F8F003C8A6E /* shutterwhitenew.png in Resources */,
				1F6917E52B399682001677AC /* hexlaunch.gif in Resources */,
				1F842AD02B2833BB003C8A6E /* Assets.xcassets in Resources */,
				1FEFE2782B35B1CB00CB837F /* HexagonMetal.obj in Resources */,
				1F842AC52B2831CB003C8A6E /* launch_final.gif in Resources */,
				1F842ACD2B2833BB003C8A6E /* HEXACAMAPP.png in Resources */,
				1FEFE27A2B35B2AE00CB837F /* HexagonMetal.scn in Resources */,
				1F842A8E2B2824CC003C8A6E /* Preview Assets.xcassets in Resources */,
				1FAC22C42B34FD5400487EF3 /* HEXLOADGIF.gif in Resources */,
				1F842AB72B282F86003C8A6E /* shutterwhite.png in Resources */,
				1F852FB32B3816FC009BE14E /* HEXALAUNCH.gif in Resources */,
				1F842ABD2B282FED003C8A6E /* launch.gif in Resources */,
			);
			runOnlyForDeploymentPostprocessing = 0;
		};
/* End PBXResourcesBuildPhase section */

/* Begin PBXSourcesBuildPhase section */
		1F842A7F2B2824CC003C8A6E /* Sources */ = {
			isa = PBXSourcesBuildPhase;
			buildActionMask = 2147483647;
			files = (
				3E3F5EE32C7D6FD400D36289 /* Haptics.swift in Sources */,
				1F842AAD2B282D00003C8A6E /* ColorInfo.swift in Sources */,
				1F842A992B282BA2003C8A6E /* UIImage+GIF.swift in Sources */,
				1F842AA92B282CBE003C8A6E /* ColorExtensions.swift in Sources */,
				3E3F5EE62C7D735900D36289 /* Contants.swift in Sources */,
				1F842AB52B282DB8003C8A6E /* Persistence.swift in Sources */,
				1F842AD32B28363D003C8A6E /* The_Hex_Cam.xcdatamodeld in Sources */,
				1F842AA12B282C17003C8A6E /* CameraViewModel.swift in Sources */,
				1F842AAB2B282CE8003C8A6E /* NetworkManager.swift in Sources */,
				1F842A9F2B282BFE003C8A6E /* UIImageView+GIF.swift in Sources */,
				1F842A872B2824CC003C8A6E /* The_Hex_CamApp.swift in Sources */,
			);
			runOnlyForDeploymentPostprocessing = 0;
		};
/* End PBXSourcesBuildPhase section */

/* Begin XCBuildConfiguration section */
		1F842A8F2B2824CC003C8A6E /* Debug */ = {
			isa = XCBuildConfiguration;
			buildSettings = {
				ALWAYS_SEARCH_USER_PATHS = NO;
				ASSETCATALOG_COMPILER_GENERATE_SWIFT_ASSET_SYMBOL_EXTENSIONS = YES;
				CLANG_ANALYZER_NONNULL = YES;
				CLANG_ANALYZER_NUMBER_OBJECT_CONVERSION = YES_AGGRESSIVE;
				CLANG_CXX_LANGUAGE_STANDARD = "gnu++20";
				CLANG_ENABLE_MODULES = YES;
				CLANG_ENABLE_OBJC_ARC = YES;
				CLANG_ENABLE_OBJC_WEAK = YES;
				CLANG_WARN_BLOCK_CAPTURE_AUTORELEASING = YES;
				CLANG_WARN_BOOL_CONVERSION = YES;
				CLANG_WARN_COMMA = YES;
				CLANG_WARN_CONSTANT_CONVERSION = YES;
				CLANG_WARN_DEPRECATED_OBJC_IMPLEMENTATIONS = YES;
				CLANG_WARN_DIRECT_OBJC_ISA_USAGE = YES_ERROR;
				CLANG_WARN_DOCUMENTATION_COMMENTS = YES;
				CLANG_WARN_EMPTY_BODY = YES;
				CLANG_WARN_ENUM_CONVERSION = YES;
				CLANG_WARN_INFINITE_RECURSION = YES;
				CLANG_WARN_INT_CONVERSION = YES;
				CLANG_WARN_NON_LITERAL_NULL_CONVERSION = YES;
				CLANG_WARN_OBJC_IMPLICIT_RETAIN_SELF = YES;
				CLANG_WARN_OBJC_LITERAL_CONVERSION = YES;
				CLANG_WARN_OBJC_ROOT_CLASS = YES_ERROR;
				CLANG_WARN_QUOTED_INCLUDE_IN_FRAMEWORK_HEADER = YES;
				CLANG_WARN_RANGE_LOOP_ANALYSIS = YES;
				CLANG_WARN_STRICT_PROTOTYPES = YES;
				CLANG_WARN_SUSPICIOUS_MOVE = YES;
				CLANG_WARN_UNGUARDED_AVAILABILITY = YES_AGGRESSIVE;
				CLANG_WARN_UNREACHABLE_CODE = YES;
				CLANG_WARN__DUPLICATE_METHOD_MATCH = YES;
				COPY_PHASE_STRIP = NO;
				DEBUG_INFORMATION_FORMAT = dwarf;
				ENABLE_STRICT_OBJC_MSGSEND = YES;
				ENABLE_TESTABILITY = YES;
				ENABLE_USER_SCRIPT_SANDBOXING = YES;
				GCC_C_LANGUAGE_STANDARD = gnu17;
				GCC_DYNAMIC_NO_PIC = NO;
				GCC_NO_COMMON_BLOCKS = YES;
				GCC_OPTIMIZATION_LEVEL = 0;
				GCC_PREPROCESSOR_DEFINITIONS = (
					"DEBUG=1",
					"$(inherited)",
				);
				GCC_WARN_64_TO_32_BIT_CONVERSION = YES;
				GCC_WARN_ABOUT_RETURN_TYPE = YES_ERROR;
				GCC_WARN_UNDECLARED_SELECTOR = YES;
				GCC_WARN_UNINITIALIZED_AUTOS = YES_AGGRESSIVE;
				GCC_WARN_UNUSED_FUNCTION = YES;
				GCC_WARN_UNUSED_VARIABLE = YES;
				IPHONEOS_DEPLOYMENT_TARGET = 16.0;
				LOCALIZATION_PREFERS_STRING_CATALOGS = YES;
				MTL_ENABLE_DEBUG_INFO = INCLUDE_SOURCE;
				MTL_FAST_MATH = YES;
				ONLY_ACTIVE_ARCH = YES;
				SDKROOT = iphoneos;
				SWIFT_ACTIVE_COMPILATION_CONDITIONS = "DEBUG $(inherited)";
				SWIFT_OPTIMIZATION_LEVEL = "-Onone";
			};
			name = Debug;
		};
		1F842A902B2824CC003C8A6E /* Release */ = {
			isa = XCBuildConfiguration;
			buildSettings = {
				ALWAYS_SEARCH_USER_PATHS = NO;
				ASSETCATALOG_COMPILER_GENERATE_SWIFT_ASSET_SYMBOL_EXTENSIONS = YES;
				CLANG_ANALYZER_NONNULL = YES;
				CLANG_ANALYZER_NUMBER_OBJECT_CONVERSION = YES_AGGRESSIVE;
				CLANG_CXX_LANGUAGE_STANDARD = "gnu++20";
				CLANG_ENABLE_MODULES = YES;
				CLANG_ENABLE_OBJC_ARC = YES;
				CLANG_ENABLE_OBJC_WEAK = YES;
				CLANG_WARN_BLOCK_CAPTURE_AUTORELEASING = YES;
				CLANG_WARN_BOOL_CONVERSION = YES;
				CLANG_WARN_COMMA = YES;
				CLANG_WARN_CONSTANT_CONVERSION = YES;
				CLANG_WARN_DEPRECATED_OBJC_IMPLEMENTATIONS = YES;
				CLANG_WARN_DIRECT_OBJC_ISA_USAGE = YES_ERROR;
				CLANG_WARN_DOCUMENTATION_COMMENTS = YES;
				CLANG_WARN_EMPTY_BODY = YES;
				CLANG_WARN_ENUM_CONVERSION = YES;
				CLANG_WARN_INFINITE_RECURSION = YES;
				CLANG_WARN_INT_CONVERSION = YES;
				CLANG_WARN_NON_LITERAL_NULL_CONVERSION = YES;
				CLANG_WARN_OBJC_IMPLICIT_RETAIN_SELF = YES;
				CLANG_WARN_OBJC_LITERAL_CONVERSION = YES;
				CLANG_WARN_OBJC_ROOT_CLASS = YES_ERROR;
				CLANG_WARN_QUOTED_INCLUDE_IN_FRAMEWORK_HEADER = YES;
				CLANG_WARN_RANGE_LOOP_ANALYSIS = YES;
				CLANG_WARN_STRICT_PROTOTYPES = YES;
				CLANG_WARN_SUSPICIOUS_MOVE = YES;
				CLANG_WARN_UNGUARDED_AVAILABILITY = YES_AGGRESSIVE;
				CLANG_WARN_UNREACHABLE_CODE = YES;
				CLANG_WARN__DUPLICATE_METHOD_MATCH = YES;
				COPY_PHASE_STRIP = NO;
				DEBUG_INFORMATION_FORMAT = "dwarf-with-dsym";
				ENABLE_NS_ASSERTIONS = NO;
				ENABLE_STRICT_OBJC_MSGSEND = YES;
				ENABLE_USER_SCRIPT_SANDBOXING = YES;
				GCC_C_LANGUAGE_STANDARD = gnu17;
				GCC_NO_COMMON_BLOCKS = YES;
				GCC_WARN_64_TO_32_BIT_CONVERSION = YES;
				GCC_WARN_ABOUT_RETURN_TYPE = YES_ERROR;
				GCC_WARN_UNDECLARED_SELECTOR = YES;
				GCC_WARN_UNINITIALIZED_AUTOS = YES_AGGRESSIVE;
				GCC_WARN_UNUSED_FUNCTION = YES;
				GCC_WARN_UNUSED_VARIABLE = YES;
				IPHONEOS_DEPLOYMENT_TARGET = 16.0;
				LOCALIZATION_PREFERS_STRING_CATALOGS = YES;
				MTL_ENABLE_DEBUG_INFO = NO;
				MTL_FAST_MATH = YES;
				SDKROOT = iphoneos;
				SWIFT_COMPILATION_MODE = wholemodule;
				VALIDATE_PRODUCT = YES;
			};
			name = Release;
		};
		1F842A922B2824CC003C8A6E /* Debug */ = {
			isa = XCBuildConfiguration;
			buildSettings = {
				ASSETCATALOG_COMPILER_APPICON_NAME = AppIcon;
				ASSETCATALOG_COMPILER_GLOBAL_ACCENT_COLOR_NAME = AccentColor;
				CODE_SIGN_STYLE = Automatic;
				CURRENT_PROJECT_VERSION = 1;
				DEVELOPMENT_ASSET_PATHS = "\"The_Hex_Cam/Preview Content\"";
				DEVELOPMENT_TEAM = 69RV8YV62P;
				ENABLE_PREVIEWS = YES;
				GENERATE_INFOPLIST_FILE = YES;
				INFOPLIST_KEY_NSCameraUsageDescription = "Hex Cam needs access to the camera to identify colors";
				INFOPLIST_KEY_UIApplicationSceneManifest_Generation = YES;
				INFOPLIST_KEY_UIApplicationSupportsIndirectInputEvents = YES;
				INFOPLIST_KEY_UILaunchScreen_Generation = YES;
				INFOPLIST_KEY_UIRequiresFullScreen = YES;
				INFOPLIST_KEY_UISupportedInterfaceOrientations = UIInterfaceOrientationPortrait;
				IPHONEOS_DEPLOYMENT_TARGET = 16.0;
				LD_RUNPATH_SEARCH_PATHS = (
					"$(inherited)",
					"@executable_path/Frameworks",
				);
				MARKETING_VERSION = 2.0;
				PRODUCT_BUNDLE_IDENTIFIER = "hex.The-Hex-Cam";
				PRODUCT_NAME = "$(TARGET_NAME)";
				SWIFT_EMIT_LOC_STRINGS = YES;
				SWIFT_VERSION = 5.0;
				TARGETED_DEVICE_FAMILY = "1,2";
			};
			name = Debug;
		};
		1F842A932B2824CC003C8A6E /* Release */ = {
			isa = XCBuildConfiguration;
			buildSettings = {
				ASSETCATALOG_COMPILER_APPICON_NAME = AppIcon;
				ASSETCATALOG_COMPILER_GLOBAL_ACCENT_COLOR_NAME = AccentColor;
				CODE_SIGN_STYLE = Automatic;
				CURRENT_PROJECT_VERSION = 1;
				DEVELOPMENT_ASSET_PATHS = "\"The_Hex_Cam/Preview Content\"";
				DEVELOPMENT_TEAM = 69RV8YV62P;
				ENABLE_PREVIEWS = YES;
				GENERATE_INFOPLIST_FILE = YES;
				INFOPLIST_KEY_NSCameraUsageDescription = "Hex Cam needs access to the camera to identify colors";
				INFOPLIST_KEY_UIApplicationSceneManifest_Generation = YES;
				INFOPLIST_KEY_UIApplicationSupportsIndirectInputEvents = YES;
				INFOPLIST_KEY_UILaunchScreen_Generation = YES;
				INFOPLIST_KEY_UIRequiresFullScreen = YES;
				INFOPLIST_KEY_UISupportedInterfaceOrientations = UIInterfaceOrientationPortrait;
				IPHONEOS_DEPLOYMENT_TARGET = 16.0;
				LD_RUNPATH_SEARCH_PATHS = (
					"$(inherited)",
					"@executable_path/Frameworks",
				);
				MARKETING_VERSION = 2.0;
				PRODUCT_BUNDLE_IDENTIFIER = "hex.The-Hex-Cam";
				PRODUCT_NAME = "$(TARGET_NAME)";
				SWIFT_EMIT_LOC_STRINGS = YES;
				SWIFT_VERSION = 5.0;
				TARGETED_DEVICE_FAMILY = "1,2";
			};
			name = Release;
		};
/* End XCBuildConfiguration section */

/* Begin XCConfigurationList section */
		1F842A7E2B2824CC003C8A6E /* Build configuration list for PBXProject "The_Hex_Cam" */ = {
			isa = XCConfigurationList;
			buildConfigurations = (
				1F842A8F2B2824CC003C8A6E /* Debug */,
				1F842A902B2824CC003C8A6E /* Release */,
			);
			defaultConfigurationIsVisible = 0;
			defaultConfigurationName = Release;
		};
		1F842A912B2824CC003C8A6E /* Build configuration list for PBXNativeTarget "The_Hex_Cam" */ = {
			isa = XCConfigurationList;
			buildConfigurations = (
				1F842A922B2824CC003C8A6E /* Debug */,
				1F842A932B2824CC003C8A6E /* Release */,
			);
			defaultConfigurationIsVisible = 0;
			defaultConfigurationName = Release;
		};
/* End XCConfigurationList section */

/* Begin XCRemoteSwiftPackageReference section */
		1F842AC62B2832E0003C8A6E /* XCRemoteSwiftPackageReference "DeviceKit" */ = {
			isa = XCRemoteSwiftPackageReference;
			repositoryURL = "https://github.com/devicekit/DeviceKit.git";
			requirement = {
				kind = upToNextMajorVersion;
				minimumVersion = 5.1.0;
			};
		};
/* End XCRemoteSwiftPackageReference section */

/* Begin XCSwiftPackageProductDependency section */
		1F842AC72B2832E0003C8A6E /* DeviceKit */ = {
			isa = XCSwiftPackageProductDependency;
			package = 1F842AC62B2832E0003C8A6E /* XCRemoteSwiftPackageReference "DeviceKit" */;
			productName = DeviceKit;
		};
/* End XCSwiftPackageProductDependency section */

/* Begin XCVersionGroup section */
		1F842AD12B28363D003C8A6E /* The_Hex_Cam.xcdatamodeld */ = {
			isa = XCVersionGroup;
			children = (
				1F842AD22B28363D003C8A6E /* The_Hex_Cam.xcdatamodel */,
			);
			currentVersion = 1F842AD22B28363D003C8A6E /* The_Hex_Cam.xcdatamodel */;
			path = The_Hex_Cam.xcdatamodeld;
			sourceTree = "<group>";
			versionGroupType = wrapper.xcdatamodel;
		};
/* End XCVersionGroup section */
	};
	rootObject = 1F842A7B2B2824CC003C8A6E /* Project object */;
}
